
Microsoft Visual Studio Solution File, Format Version 12.00
# Visual Studio 15
VisualStudioVersion = 15.0.28010.2016
MinimumVisualStudioVersion = 10.0.40219.1
Project("{FAE04EC0-301F-11D3-BF4B-00C04F79EFBC}") = "FlyingPiggyCloud", "FlyingPiggyCloud\FlyingPiggyCloud.csproj", "{D81EB20A-8A35-48EA-B1FB-5EFF3BD8D67A}"
EndProject
Global
	GlobalSection(SolutionConfigurationPlatforms) = preSolution
		Debug|Any CPU = Debug|Any CPU
		Release|Any CPU = Release|Any CPU
	EndGlobalSection
	GlobalSection(ProjectConfigurationPlatforms) = postSolution
		{D81EB20A-8A35-48EA-B1FB-5EFF3BD8D67A}.Debug|Any CPU.ActiveCfg = Debug|Any CPU
		{D81EB20A-8A35-48EA-B1FB-5EFF3BD8D67A}.Debug|Any CPU.Build.0 = Debug|Any CPU
		{D81EB20A-8A35-48EA-B1FB-5EFF3BD8D67A}.Release|Any CPU.ActiveCfg = Release|Any CPU
		{D81EB20A-8A35-48EA-B1FB-5EFF3BD8D67A}.Release|Any CPU.Build.0 = Release|Any CPU
	EndGlobalSection
	GlobalSection(SolutionProperties) = preSolution
		HideSolutionNode = FALSE
	EndGlobalSection
	GlobalSection(ExtensibilityGlobals) = postSolution
		SolutionGuid = {C00DDA02-55BD-4695-A576-E61EDE988FFF}
	EndGlobalSection
EndGlobal
