
Microsoft Visual Studio Solution File, Format Version 12.00
# Visual Studio 15
VisualStudioVersion = 15.0.28010.2016
MinimumVisualStudioVersion = 10.0.40219.1
Project("{FAE04EC0-301F-11D3-BF4B-00C04F79EFBC}") = "FlyingPiggyCloud", "FlyingPiggyCloud\FlyingPiggyCloud.csproj", "{D81EB20A-8A35-48EA-B1FB-5EFF3BD8D67A}"
EndProject
Project("{FAE04EC0-301F-11D3-BF4B-00C04F79EFBC}") = "FlyingAria2c", "FlyingAria2c\FlyingAria2c.csproj", "{25677591-187D-4D06-9712-D8DBE4A6C450}"
EndProject
Project("{FAE04EC0-301F-11D3-BF4B-00C04F79EFBC}") = "WcsLib", "WcsLib\WcsLib.csproj", "{4D3D362C-9AB8-4962-A74F-C429407FAF85}"
EndProject
Project("{FAE04EC0-301F-11D3-BF4B-00C04F79EFBC}") = "Arthas", "Arthas\Arthas.csproj", "{F5DBBC65-F7D3-4A0D-8A9F-3DAFD3DEB7ED}"
EndProject
Project("{FAE04EC0-301F-11D3-BF4B-00C04F79EFBC}") = "FlyingPiggyCloudUWP", "FlyingPiggyCloudUWP\FlyingPiggyCloudUWP.csproj", "{186A0446-B896-47B5-9EC0-78BEB122364D}"
EndProject
Project("{FAE04EC0-301F-11D3-BF4B-00C04F79EFBC}") = "6pan", "6pan\6pan.csproj", "{8084FCD7-F5D6-46C1-B333-07C0FD486D67}"
EndProject
Global
	GlobalSection(SolutionConfigurationPlatforms) = preSolution
		Debug|Any CPU = Debug|Any CPU
		Debug|ARM = Debug|ARM
		Debug|ARM64 = Debug|ARM64
		Debug|x64 = Debug|x64
		Debug|x86 = Debug|x86
		Release|Any CPU = Release|Any CPU
		Release|ARM = Release|ARM
		Release|ARM64 = Release|ARM64
		Release|x64 = Release|x64
		Release|x86 = Release|x86
	EndGlobalSection
	GlobalSection(ProjectConfigurationPlatforms) = postSolution
		{D81EB20A-8A35-48EA-B1FB-5EFF3BD8D67A}.Debug|Any CPU.ActiveCfg = Debug|Any CPU
		{D81EB20A-8A35-48EA-B1FB-5EFF3BD8D67A}.Debug|Any CPU.Build.0 = Debug|Any CPU
		{D81EB20A-8A35-48EA-B1FB-5EFF3BD8D67A}.Debug|ARM.ActiveCfg = Debug|Any CPU
		{D81EB20A-8A35-48EA-B1FB-5EFF3BD8D67A}.Debug|ARM.Build.0 = Debug|Any CPU
		{D81EB20A-8A35-48EA-B1FB-5EFF3BD8D67A}.Debug|ARM64.ActiveCfg = Debug|Any CPU
		{D81EB20A-8A35-48EA-B1FB-5EFF3BD8D67A}.Debug|ARM64.Build.0 = Debug|Any CPU
		{D81EB20A-8A35-48EA-B1FB-5EFF3BD8D67A}.Debug|x64.ActiveCfg = Debug|Any CPU
		{D81EB20A-8A35-48EA-B1FB-5EFF3BD8D67A}.Debug|x64.Build.0 = Debug|Any CPU
		{D81EB20A-8A35-48EA-B1FB-5EFF3BD8D67A}.Debug|x86.ActiveCfg = Debug|Any CPU
		{D81EB20A-8A35-48EA-B1FB-5EFF3BD8D67A}.Debug|x86.Build.0 = Debug|Any CPU
		{D81EB20A-8A35-48EA-B1FB-5EFF3BD8D67A}.Release|Any CPU.ActiveCfg = Release|Any CPU
		{D81EB20A-8A35-48EA-B1FB-5EFF3BD8D67A}.Release|Any CPU.Build.0 = Release|Any CPU
		{D81EB20A-8A35-48EA-B1FB-5EFF3BD8D67A}.Release|ARM.ActiveCfg = Release|Any CPU
		{D81EB20A-8A35-48EA-B1FB-5EFF3BD8D67A}.Release|ARM.Build.0 = Release|Any CPU
		{D81EB20A-8A35-48EA-B1FB-5EFF3BD8D67A}.Release|ARM64.ActiveCfg = Release|Any CPU
		{D81EB20A-8A35-48EA-B1FB-5EFF3BD8D67A}.Release|ARM64.Build.0 = Release|Any CPU
		{D81EB20A-8A35-48EA-B1FB-5EFF3BD8D67A}.Release|x64.ActiveCfg = Release|Any CPU
		{D81EB20A-8A35-48EA-B1FB-5EFF3BD8D67A}.Release|x64.Build.0 = Release|Any CPU
		{D81EB20A-8A35-48EA-B1FB-5EFF3BD8D67A}.Release|x86.ActiveCfg = Release|Any CPU
		{D81EB20A-8A35-48EA-B1FB-5EFF3BD8D67A}.Release|x86.Build.0 = Release|Any CPU
		{25677591-187D-4D06-9712-D8DBE4A6C450}.Debug|Any CPU.ActiveCfg = Debug|Any CPU
		{25677591-187D-4D06-9712-D8DBE4A6C450}.Debug|Any CPU.Build.0 = Debug|Any CPU
		{25677591-187D-4D06-9712-D8DBE4A6C450}.Debug|ARM.ActiveCfg = Debug|Any CPU
		{25677591-187D-4D06-9712-D8DBE4A6C450}.Debug|ARM.Build.0 = Debug|Any CPU
		{25677591-187D-4D06-9712-D8DBE4A6C450}.Debug|ARM64.ActiveCfg = Debug|Any CPU
		{25677591-187D-4D06-9712-D8DBE4A6C450}.Debug|ARM64.Build.0 = Debug|Any CPU
		{25677591-187D-4D06-9712-D8DBE4A6C450}.Debug|x64.ActiveCfg = Debug|Any CPU
		{25677591-187D-4D06-9712-D8DBE4A6C450}.Debug|x64.Build.0 = Debug|Any CPU
		{25677591-187D-4D06-9712-D8DBE4A6C450}.Debug|x86.ActiveCfg = Debug|Any CPU
		{25677591-187D-4D06-9712-D8DBE4A6C450}.Debug|x86.Build.0 = Debug|Any CPU
		{25677591-187D-4D06-9712-D8DBE4A6C450}.Release|Any CPU.ActiveCfg = Release|Any CPU
		{25677591-187D-4D06-9712-D8DBE4A6C450}.Release|Any CPU.Build.0 = Release|Any CPU
		{25677591-187D-4D06-9712-D8DBE4A6C450}.Release|ARM.ActiveCfg = Release|Any CPU
		{25677591-187D-4D06-9712-D8DBE4A6C450}.Release|ARM.Build.0 = Release|Any CPU
		{25677591-187D-4D06-9712-D8DBE4A6C450}.Release|ARM64.ActiveCfg = Release|Any CPU
		{25677591-187D-4D06-9712-D8DBE4A6C450}.Release|ARM64.Build.0 = Release|Any CPU
		{25677591-187D-4D06-9712-D8DBE4A6C450}.Release|x64.ActiveCfg = Release|Any CPU
		{25677591-187D-4D06-9712-D8DBE4A6C450}.Release|x64.Build.0 = Release|Any CPU
		{25677591-187D-4D06-9712-D8DBE4A6C450}.Release|x86.ActiveCfg = Release|Any CPU
		{25677591-187D-4D06-9712-D8DBE4A6C450}.Release|x86.Build.0 = Release|Any CPU
		{4D3D362C-9AB8-4962-A74F-C429407FAF85}.Debug|Any CPU.ActiveCfg = Debug|Any CPU
		{4D3D362C-9AB8-4962-A74F-C429407FAF85}.Debug|Any CPU.Build.0 = Debug|Any CPU
		{4D3D362C-9AB8-4962-A74F-C429407FAF85}.Debug|ARM.ActiveCfg = Debug|Any CPU
		{4D3D362C-9AB8-4962-A74F-C429407FAF85}.Debug|ARM.Build.0 = Debug|Any CPU
		{4D3D362C-9AB8-4962-A74F-C429407FAF85}.Debug|ARM64.ActiveCfg = Debug|Any CPU
		{4D3D362C-9AB8-4962-A74F-C429407FAF85}.Debug|ARM64.Build.0 = Debug|Any CPU
		{4D3D362C-9AB8-4962-A74F-C429407FAF85}.Debug|x64.ActiveCfg = Debug|Any CPU
		{4D3D362C-9AB8-4962-A74F-C429407FAF85}.Debug|x64.Build.0 = Debug|Any CPU
		{4D3D362C-9AB8-4962-A74F-C429407FAF85}.Debug|x86.ActiveCfg = Debug|Any CPU
		{4D3D362C-9AB8-4962-A74F-C429407FAF85}.Debug|x86.Build.0 = Debug|Any CPU
		{4D3D362C-9AB8-4962-A74F-C429407FAF85}.Release|Any CPU.ActiveCfg = Release|Any CPU
		{4D3D362C-9AB8-4962-A74F-C429407FAF85}.Release|Any CPU.Build.0 = Release|Any CPU
		{4D3D362C-9AB8-4962-A74F-C429407FAF85}.Release|ARM.ActiveCfg = Release|Any CPU
		{4D3D362C-9AB8-4962-A74F-C429407FAF85}.Release|ARM.Build.0 = Release|Any CPU
		{4D3D362C-9AB8-4962-A74F-C429407FAF85}.Release|ARM64.ActiveCfg = Release|Any CPU
		{4D3D362C-9AB8-4962-A74F-C429407FAF85}.Release|ARM64.Build.0 = Release|Any CPU
		{4D3D362C-9AB8-4962-A74F-C429407FAF85}.Release|x64.ActiveCfg = Release|Any CPU
		{4D3D362C-9AB8-4962-A74F-C429407FAF85}.Release|x64.Build.0 = Release|Any CPU
		{4D3D362C-9AB8-4962-A74F-C429407FAF85}.Release|x86.ActiveCfg = Release|Any CPU
		{4D3D362C-9AB8-4962-A74F-C429407FAF85}.Release|x86.Build.0 = Release|Any CPU
		{F5DBBC65-F7D3-4A0D-8A9F-3DAFD3DEB7ED}.Debug|Any CPU.ActiveCfg = Debug|Any CPU
		{F5DBBC65-F7D3-4A0D-8A9F-3DAFD3DEB7ED}.Debug|Any CPU.Build.0 = Debug|Any CPU
		{F5DBBC65-F7D3-4A0D-8A9F-3DAFD3DEB7ED}.Debug|ARM.ActiveCfg = Debug|Any CPU
		{F5DBBC65-F7D3-4A0D-8A9F-3DAFD3DEB7ED}.Debug|ARM.Build.0 = Debug|Any CPU
		{F5DBBC65-F7D3-4A0D-8A9F-3DAFD3DEB7ED}.Debug|ARM64.ActiveCfg = Debug|Any CPU
		{F5DBBC65-F7D3-4A0D-8A9F-3DAFD3DEB7ED}.Debug|ARM64.Build.0 = Debug|Any CPU
		{F5DBBC65-F7D3-4A0D-8A9F-3DAFD3DEB7ED}.Debug|x64.ActiveCfg = Debug|Any CPU
		{F5DBBC65-F7D3-4A0D-8A9F-3DAFD3DEB7ED}.Debug|x64.Build.0 = Debug|Any CPU
		{F5DBBC65-F7D3-4A0D-8A9F-3DAFD3DEB7ED}.Debug|x86.ActiveCfg = Debug|Any CPU
		{F5DBBC65-F7D3-4A0D-8A9F-3DAFD3DEB7ED}.Debug|x86.Build.0 = Debug|Any CPU
		{F5DBBC65-F7D3-4A0D-8A9F-3DAFD3DEB7ED}.Release|Any CPU.ActiveCfg = Release|Any CPU
		{F5DBBC65-F7D3-4A0D-8A9F-3DAFD3DEB7ED}.Release|Any CPU.Build.0 = Release|Any CPU
		{F5DBBC65-F7D3-4A0D-8A9F-3DAFD3DEB7ED}.Release|ARM.ActiveCfg = Release|Any CPU
		{F5DBBC65-F7D3-4A0D-8A9F-3DAFD3DEB7ED}.Release|ARM.Build.0 = Release|Any CPU
		{F5DBBC65-F7D3-4A0D-8A9F-3DAFD3DEB7ED}.Release|ARM64.ActiveCfg = Release|Any CPU
		{F5DBBC65-F7D3-4A0D-8A9F-3DAFD3DEB7ED}.Release|ARM64.Build.0 = Release|Any CPU
		{F5DBBC65-F7D3-4A0D-8A9F-3DAFD3DEB7ED}.Release|x64.ActiveCfg = Release|Any CPU
		{F5DBBC65-F7D3-4A0D-8A9F-3DAFD3DEB7ED}.Release|x64.Build.0 = Release|Any CPU
		{F5DBBC65-F7D3-4A0D-8A9F-3DAFD3DEB7ED}.Release|x86.ActiveCfg = Release|Any CPU
		{F5DBBC65-F7D3-4A0D-8A9F-3DAFD3DEB7ED}.Release|x86.Build.0 = Release|Any CPU
		{186A0446-B896-47B5-9EC0-78BEB122364D}.Debug|Any CPU.ActiveCfg = Debug|x86
		{186A0446-B896-47B5-9EC0-78BEB122364D}.Debug|ARM.ActiveCfg = Debug|ARM
		{186A0446-B896-47B5-9EC0-78BEB122364D}.Debug|ARM.Build.0 = Debug|ARM
		{186A0446-B896-47B5-9EC0-78BEB122364D}.Debug|ARM.Deploy.0 = Debug|ARM
		{186A0446-B896-47B5-9EC0-78BEB122364D}.Debug|ARM64.ActiveCfg = Debug|ARM64
		{186A0446-B896-47B5-9EC0-78BEB122364D}.Debug|ARM64.Build.0 = Debug|ARM64
		{186A0446-B896-47B5-9EC0-78BEB122364D}.Debug|ARM64.Deploy.0 = Debug|ARM64
		{186A0446-B896-47B5-9EC0-78BEB122364D}.Debug|x64.ActiveCfg = Debug|x64
		{186A0446-B896-47B5-9EC0-78BEB122364D}.Debug|x64.Build.0 = Debug|x64
		{186A0446-B896-47B5-9EC0-78BEB122364D}.Debug|x64.Deploy.0 = Debug|x64
		{186A0446-B896-47B5-9EC0-78BEB122364D}.Debug|x86.ActiveCfg = Debug|x86
		{186A0446-B896-47B5-9EC0-78BEB122364D}.Debug|x86.Build.0 = Debug|x86
		{186A0446-B896-47B5-9EC0-78BEB122364D}.Debug|x86.Deploy.0 = Debug|x86
		{186A0446-B896-47B5-9EC0-78BEB122364D}.Release|Any CPU.ActiveCfg = Release|x86
		{186A0446-B896-47B5-9EC0-78BEB122364D}.Release|ARM.ActiveCfg = Release|ARM
		{186A0446-B896-47B5-9EC0-78BEB122364D}.Release|ARM.Build.0 = Release|ARM
		{186A0446-B896-47B5-9EC0-78BEB122364D}.Release|ARM.Deploy.0 = Release|ARM
		{186A0446-B896-47B5-9EC0-78BEB122364D}.Release|ARM64.ActiveCfg = Release|ARM64
		{186A0446-B896-47B5-9EC0-78BEB122364D}.Release|ARM64.Build.0 = Release|ARM64
		{186A0446-B896-47B5-9EC0-78BEB122364D}.Release|ARM64.Deploy.0 = Release|ARM64
		{186A0446-B896-47B5-9EC0-78BEB122364D}.Release|x64.ActiveCfg = Release|x64
		{186A0446-B896-47B5-9EC0-78BEB122364D}.Release|x64.Build.0 = Release|x64
		{186A0446-B896-47B5-9EC0-78BEB122364D}.Release|x64.Deploy.0 = Release|x64
		{186A0446-B896-47B5-9EC0-78BEB122364D}.Release|x86.ActiveCfg = Release|x86
		{186A0446-B896-47B5-9EC0-78BEB122364D}.Release|x86.Build.0 = Release|x86
		{186A0446-B896-47B5-9EC0-78BEB122364D}.Release|x86.Deploy.0 = Release|x86
		{8084FCD7-F5D6-46C1-B333-07C0FD486D67}.Debug|Any CPU.ActiveCfg = Debug|Any CPU
		{8084FCD7-F5D6-46C1-B333-07C0FD486D67}.Debug|Any CPU.Build.0 = Debug|Any CPU
		{8084FCD7-F5D6-46C1-B333-07C0FD486D67}.Debug|ARM.ActiveCfg = Debug|Any CPU
		{8084FCD7-F5D6-46C1-B333-07C0FD486D67}.Debug|ARM.Build.0 = Debug|Any CPU
		{8084FCD7-F5D6-46C1-B333-07C0FD486D67}.Debug|ARM64.ActiveCfg = Debug|Any CPU
		{8084FCD7-F5D6-46C1-B333-07C0FD486D67}.Debug|ARM64.Build.0 = Debug|Any CPU
		{8084FCD7-F5D6-46C1-B333-07C0FD486D67}.Debug|x64.ActiveCfg = Debug|Any CPU
		{8084FCD7-F5D6-46C1-B333-07C0FD486D67}.Debug|x64.Build.0 = Debug|Any CPU
		{8084FCD7-F5D6-46C1-B333-07C0FD486D67}.Debug|x86.ActiveCfg = Debug|Any CPU
		{8084FCD7-F5D6-46C1-B333-07C0FD486D67}.Debug|x86.Build.0 = Debug|Any CPU
		{8084FCD7-F5D6-46C1-B333-07C0FD486D67}.Release|Any CPU.ActiveCfg = Release|Any CPU
		{8084FCD7-F5D6-46C1-B333-07C0FD486D67}.Release|Any CPU.Build.0 = Release|Any CPU
		{8084FCD7-F5D6-46C1-B333-07C0FD486D67}.Release|ARM.ActiveCfg = Release|Any CPU
		{8084FCD7-F5D6-46C1-B333-07C0FD486D67}.Release|ARM.Build.0 = Release|Any CPU
		{8084FCD7-F5D6-46C1-B333-07C0FD486D67}.Release|ARM64.ActiveCfg = Release|Any CPU
		{8084FCD7-F5D6-46C1-B333-07C0FD486D67}.Release|ARM64.Build.0 = Release|Any CPU
		{8084FCD7-F5D6-46C1-B333-07C0FD486D67}.Release|x64.ActiveCfg = Release|Any CPU
		{8084FCD7-F5D6-46C1-B333-07C0FD486D67}.Release|x64.Build.0 = Release|Any CPU
		{8084FCD7-F5D6-46C1-B333-07C0FD486D67}.Release|x86.ActiveCfg = Release|Any CPU
		{8084FCD7-F5D6-46C1-B333-07C0FD486D67}.Release|x86.Build.0 = Release|Any CPU
	EndGlobalSection
	GlobalSection(SolutionProperties) = preSolution
		HideSolutionNode = FALSE
	EndGlobalSection
	GlobalSection(ExtensibilityGlobals) = postSolution
		SolutionGuid = {C00DDA02-55BD-4695-A576-E61EDE988FFF}
	EndGlobalSection
EndGlobal
