
Microsoft Visual Studio Solution File, Format Version 12.00
# Visual Studio 15
VisualStudioVersion = 15.0.28010.2016
MinimumVisualStudioVersion = 10.0.40219.1
Project("{FAE04EC0-301F-11D3-BF4B-00C04F79EFBC}") = "SixCloud", "LiuPan\SixCloud.csproj", "{AB8A8657-5DE8-413F-961E-5D7BDA47D871}"
EndProject
Project("{FAE04EC0-301F-11D3-BF4B-00C04F79EFBC}") = "EzWcs", "EzWcs\EzWcs.csproj", "{763A07AC-1DA1-44A2-873E-D72DE4B73E2D}"
EndProject
Project("{FAE04EC0-301F-11D3-BF4B-00C04F79EFBC}") = "SixCloudCustomControlLibrary", "SixCloudCustomControlLibrary\SixCloudCustomControlLibrary.csproj", "{8E0BF3C0-11B0-4CF6-825E-CA33F4AD8501}"
EndProject
Project("{FAE04EC0-301F-11D3-BF4B-00C04F79EFBC}") = "FileDownloader", "FileDownloader\FileDownloader.csproj", "{DEB25DF4-20AF-4F85-8920-C3E14E147D9D}"
EndProject
Project("{C7167F0D-BC9F-4E6E-AFE1-012C56B48DB5}") = "SixCloudForWindowsStore", "SixCloudForWindowsStore\SixCloudForWindowsStore.wapproj", "{70B811F6-B346-4C85-885C-1C56C290231C}"
EndProject
Global
	GlobalSection(SolutionConfigurationPlatforms) = preSolution
		Debug|Any CPU = Debug|Any CPU
		Debug|ARM = Debug|ARM
		Debug|ARM64 = Debug|ARM64
		Debug|x64 = Debug|x64
		Debug|x86 = Debug|x86
		Release|Any CPU = Release|Any CPU
		Release|ARM = Release|ARM
		Release|ARM64 = Release|ARM64
		Release|x64 = Release|x64
		Release|x86 = Release|x86
	EndGlobalSection
	GlobalSection(ProjectConfigurationPlatforms) = postSolution
		{AB8A8657-5DE8-413F-961E-5D7BDA47D871}.Debug|Any CPU.ActiveCfg = Debug|Any CPU
		{AB8A8657-5DE8-413F-961E-5D7BDA47D871}.Debug|Any CPU.Build.0 = Debug|Any CPU
		{AB8A8657-5DE8-413F-961E-5D7BDA47D871}.Debug|ARM.ActiveCfg = Debug|Any CPU
		{AB8A8657-5DE8-413F-961E-5D7BDA47D871}.Debug|ARM.Build.0 = Debug|Any CPU
		{AB8A8657-5DE8-413F-961E-5D7BDA47D871}.Debug|ARM64.ActiveCfg = Debug|Any CPU
		{AB8A8657-5DE8-413F-961E-5D7BDA47D871}.Debug|ARM64.Build.0 = Debug|Any CPU
		{AB8A8657-5DE8-413F-961E-5D7BDA47D871}.Debug|x64.ActiveCfg = Debug|Any CPU
		{AB8A8657-5DE8-413F-961E-5D7BDA47D871}.Debug|x64.Build.0 = Debug|Any CPU
		{AB8A8657-5DE8-413F-961E-5D7BDA47D871}.Debug|x86.ActiveCfg = Debug|Any CPU
		{AB8A8657-5DE8-413F-961E-5D7BDA47D871}.Debug|x86.Build.0 = Debug|Any CPU
		{AB8A8657-5DE8-413F-961E-5D7BDA47D871}.Release|Any CPU.ActiveCfg = Release|Any CPU
		{AB8A8657-5DE8-413F-961E-5D7BDA47D871}.Release|Any CPU.Build.0 = Release|Any CPU
		{AB8A8657-5DE8-413F-961E-5D7BDA47D871}.Release|ARM.ActiveCfg = Release|Any CPU
		{AB8A8657-5DE8-413F-961E-5D7BDA47D871}.Release|ARM.Build.0 = Release|Any CPU
		{AB8A8657-5DE8-413F-961E-5D7BDA47D871}.Release|ARM64.ActiveCfg = Release|Any CPU
		{AB8A8657-5DE8-413F-961E-5D7BDA47D871}.Release|ARM64.Build.0 = Release|Any CPU
		{AB8A8657-5DE8-413F-961E-5D7BDA47D871}.Release|x64.ActiveCfg = Release|Any CPU
		{AB8A8657-5DE8-413F-961E-5D7BDA47D871}.Release|x64.Build.0 = Release|Any CPU
		{AB8A8657-5DE8-413F-961E-5D7BDA47D871}.Release|x86.ActiveCfg = Release|Any CPU
		{AB8A8657-5DE8-413F-961E-5D7BDA47D871}.Release|x86.Build.0 = Release|Any CPU
		{763A07AC-1DA1-44A2-873E-D72DE4B73E2D}.Debug|Any CPU.ActiveCfg = Debug|Any CPU
		{763A07AC-1DA1-44A2-873E-D72DE4B73E2D}.Debug|Any CPU.Build.0 = Debug|Any CPU
		{763A07AC-1DA1-44A2-873E-D72DE4B73E2D}.Debug|ARM.ActiveCfg = Debug|Any CPU
		{763A07AC-1DA1-44A2-873E-D72DE4B73E2D}.Debug|ARM.Build.0 = Debug|Any CPU
		{763A07AC-1DA1-44A2-873E-D72DE4B73E2D}.Debug|ARM64.ActiveCfg = Debug|Any CPU
		{763A07AC-1DA1-44A2-873E-D72DE4B73E2D}.Debug|ARM64.Build.0 = Debug|Any CPU
		{763A07AC-1DA1-44A2-873E-D72DE4B73E2D}.Debug|x64.ActiveCfg = Debug|Any CPU
		{763A07AC-1DA1-44A2-873E-D72DE4B73E2D}.Debug|x64.Build.0 = Debug|Any CPU
		{763A07AC-1DA1-44A2-873E-D72DE4B73E2D}.Debug|x86.ActiveCfg = Debug|Any CPU
		{763A07AC-1DA1-44A2-873E-D72DE4B73E2D}.Debug|x86.Build.0 = Debug|Any CPU
		{763A07AC-1DA1-44A2-873E-D72DE4B73E2D}.Release|Any CPU.ActiveCfg = Release|Any CPU
		{763A07AC-1DA1-44A2-873E-D72DE4B73E2D}.Release|Any CPU.Build.0 = Release|Any CPU
		{763A07AC-1DA1-44A2-873E-D72DE4B73E2D}.Release|ARM.ActiveCfg = Release|Any CPU
		{763A07AC-1DA1-44A2-873E-D72DE4B73E2D}.Release|ARM.Build.0 = Release|Any CPU
		{763A07AC-1DA1-44A2-873E-D72DE4B73E2D}.Release|ARM64.ActiveCfg = Release|Any CPU
		{763A07AC-1DA1-44A2-873E-D72DE4B73E2D}.Release|ARM64.Build.0 = Release|Any CPU
		{763A07AC-1DA1-44A2-873E-D72DE4B73E2D}.Release|x64.ActiveCfg = Release|Any CPU
		{763A07AC-1DA1-44A2-873E-D72DE4B73E2D}.Release|x64.Build.0 = Release|Any CPU
		{763A07AC-1DA1-44A2-873E-D72DE4B73E2D}.Release|x86.ActiveCfg = Release|Any CPU
		{763A07AC-1DA1-44A2-873E-D72DE4B73E2D}.Release|x86.Build.0 = Release|Any CPU
		{8E0BF3C0-11B0-4CF6-825E-CA33F4AD8501}.Debug|Any CPU.ActiveCfg = Debug|Any CPU
		{8E0BF3C0-11B0-4CF6-825E-CA33F4AD8501}.Debug|Any CPU.Build.0 = Debug|Any CPU
		{8E0BF3C0-11B0-4CF6-825E-CA33F4AD8501}.Debug|ARM.ActiveCfg = Debug|Any CPU
		{8E0BF3C0-11B0-4CF6-825E-CA33F4AD8501}.Debug|ARM.Build.0 = Debug|Any CPU
		{8E0BF3C0-11B0-4CF6-825E-CA33F4AD8501}.Debug|ARM64.ActiveCfg = Debug|Any CPU
		{8E0BF3C0-11B0-4CF6-825E-CA33F4AD8501}.Debug|ARM64.Build.0 = Debug|Any CPU
		{8E0BF3C0-11B0-4CF6-825E-CA33F4AD8501}.Debug|x64.ActiveCfg = Debug|Any CPU
		{8E0BF3C0-11B0-4CF6-825E-CA33F4AD8501}.Debug|x64.Build.0 = Debug|Any CPU
		{8E0BF3C0-11B0-4CF6-825E-CA33F4AD8501}.Debug|x86.ActiveCfg = Debug|Any CPU
		{8E0BF3C0-11B0-4CF6-825E-CA33F4AD8501}.Debug|x86.Build.0 = Debug|Any CPU
		{8E0BF3C0-11B0-4CF6-825E-CA33F4AD8501}.Release|Any CPU.ActiveCfg = Release|Any CPU
		{8E0BF3C0-11B0-4CF6-825E-CA33F4AD8501}.Release|Any CPU.Build.0 = Release|Any CPU
		{8E0BF3C0-11B0-4CF6-825E-CA33F4AD8501}.Release|ARM.ActiveCfg = Release|Any CPU
		{8E0BF3C0-11B0-4CF6-825E-CA33F4AD8501}.Release|ARM.Build.0 = Release|Any CPU
		{8E0BF3C0-11B0-4CF6-825E-CA33F4AD8501}.Release|ARM64.ActiveCfg = Release|Any CPU
		{8E0BF3C0-11B0-4CF6-825E-CA33F4AD8501}.Release|ARM64.Build.0 = Release|Any CPU
		{8E0BF3C0-11B0-4CF6-825E-CA33F4AD8501}.Release|x64.ActiveCfg = Release|Any CPU
		{8E0BF3C0-11B0-4CF6-825E-CA33F4AD8501}.Release|x64.Build.0 = Release|Any CPU
		{8E0BF3C0-11B0-4CF6-825E-CA33F4AD8501}.Release|x86.ActiveCfg = Release|Any CPU
		{8E0BF3C0-11B0-4CF6-825E-CA33F4AD8501}.Release|x86.Build.0 = Release|Any CPU
		{DEB25DF4-20AF-4F85-8920-C3E14E147D9D}.Debug|Any CPU.ActiveCfg = Debug|Any CPU
		{DEB25DF4-20AF-4F85-8920-C3E14E147D9D}.Debug|Any CPU.Build.0 = Debug|Any CPU
		{DEB25DF4-20AF-4F85-8920-C3E14E147D9D}.Debug|ARM.ActiveCfg = Debug|Any CPU
		{DEB25DF4-20AF-4F85-8920-C3E14E147D9D}.Debug|ARM.Build.0 = Debug|Any CPU
		{DEB25DF4-20AF-4F85-8920-C3E14E147D9D}.Debug|ARM64.ActiveCfg = Debug|Any CPU
		{DEB25DF4-20AF-4F85-8920-C3E14E147D9D}.Debug|ARM64.Build.0 = Debug|Any CPU
		{DEB25DF4-20AF-4F85-8920-C3E14E147D9D}.Debug|x64.ActiveCfg = Debug|Any CPU
		{DEB25DF4-20AF-4F85-8920-C3E14E147D9D}.Debug|x64.Build.0 = Debug|Any CPU
		{DEB25DF4-20AF-4F85-8920-C3E14E147D9D}.Debug|x86.ActiveCfg = Debug|Any CPU
		{DEB25DF4-20AF-4F85-8920-C3E14E147D9D}.Debug|x86.Build.0 = Debug|Any CPU
		{DEB25DF4-20AF-4F85-8920-C3E14E147D9D}.Release|Any CPU.ActiveCfg = Release|Any CPU
		{DEB25DF4-20AF-4F85-8920-C3E14E147D9D}.Release|Any CPU.Build.0 = Release|Any CPU
		{DEB25DF4-20AF-4F85-8920-C3E14E147D9D}.Release|ARM.ActiveCfg = Release|Any CPU
		{DEB25DF4-20AF-4F85-8920-C3E14E147D9D}.Release|ARM.Build.0 = Release|Any CPU
		{DEB25DF4-20AF-4F85-8920-C3E14E147D9D}.Release|ARM64.ActiveCfg = Release|Any CPU
		{DEB25DF4-20AF-4F85-8920-C3E14E147D9D}.Release|ARM64.Build.0 = Release|Any CPU
		{DEB25DF4-20AF-4F85-8920-C3E14E147D9D}.Release|x64.ActiveCfg = Release|Any CPU
		{DEB25DF4-20AF-4F85-8920-C3E14E147D9D}.Release|x64.Build.0 = Release|Any CPU
		{DEB25DF4-20AF-4F85-8920-C3E14E147D9D}.Release|x86.ActiveCfg = Release|Any CPU
		{DEB25DF4-20AF-4F85-8920-C3E14E147D9D}.Release|x86.Build.0 = Release|Any CPU
		{70B811F6-B346-4C85-885C-1C56C290231C}.Debug|Any CPU.ActiveCfg = Debug|Any CPU
		{70B811F6-B346-4C85-885C-1C56C290231C}.Debug|Any CPU.Build.0 = Debug|Any CPU
		{70B811F6-B346-4C85-885C-1C56C290231C}.Debug|Any CPU.Deploy.0 = Debug|Any CPU
		{70B811F6-B346-4C85-885C-1C56C290231C}.Debug|ARM.ActiveCfg = Debug|Any CPU
		{70B811F6-B346-4C85-885C-1C56C290231C}.Debug|ARM.Build.0 = Debug|Any CPU
		{70B811F6-B346-4C85-885C-1C56C290231C}.Debug|ARM.Deploy.0 = Debug|Any CPU
		{70B811F6-B346-4C85-885C-1C56C290231C}.Debug|ARM64.ActiveCfg = Debug|Any CPU
		{70B811F6-B346-4C85-885C-1C56C290231C}.Debug|ARM64.Build.0 = Debug|Any CPU
		{70B811F6-B346-4C85-885C-1C56C290231C}.Debug|ARM64.Deploy.0 = Debug|Any CPU
		{70B811F6-B346-4C85-885C-1C56C290231C}.Debug|x64.ActiveCfg = Debug|x64
		{70B811F6-B346-4C85-885C-1C56C290231C}.Debug|x64.Build.0 = Debug|x64
		{70B811F6-B346-4C85-885C-1C56C290231C}.Debug|x64.Deploy.0 = Debug|x64
		{70B811F6-B346-4C85-885C-1C56C290231C}.Debug|x86.ActiveCfg = Debug|x86
		{70B811F6-B346-4C85-885C-1C56C290231C}.Debug|x86.Build.0 = Debug|x86
		{70B811F6-B346-4C85-885C-1C56C290231C}.Debug|x86.Deploy.0 = Debug|x86
		{70B811F6-B346-4C85-885C-1C56C290231C}.Release|Any CPU.ActiveCfg = Release|Any CPU
		{70B811F6-B346-4C85-885C-1C56C290231C}.Release|Any CPU.Build.0 = Release|Any CPU
		{70B811F6-B346-4C85-885C-1C56C290231C}.Release|Any CPU.Deploy.0 = Release|Any CPU
		{70B811F6-B346-4C85-885C-1C56C290231C}.Release|ARM.ActiveCfg = Release|Any CPU
		{70B811F6-B346-4C85-885C-1C56C290231C}.Release|ARM.Build.0 = Release|Any CPU
		{70B811F6-B346-4C85-885C-1C56C290231C}.Release|ARM.Deploy.0 = Release|Any CPU
		{70B811F6-B346-4C85-885C-1C56C290231C}.Release|ARM64.ActiveCfg = Release|Any CPU
		{70B811F6-B346-4C85-885C-1C56C290231C}.Release|ARM64.Build.0 = Release|Any CPU
		{70B811F6-B346-4C85-885C-1C56C290231C}.Release|ARM64.Deploy.0 = Release|Any CPU
		{70B811F6-B346-4C85-885C-1C56C290231C}.Release|x64.ActiveCfg = Release|x64
		{70B811F6-B346-4C85-885C-1C56C290231C}.Release|x64.Build.0 = Release|x64
		{70B811F6-B346-4C85-885C-1C56C290231C}.Release|x64.Deploy.0 = Release|x64
		{70B811F6-B346-4C85-885C-1C56C290231C}.Release|x86.ActiveCfg = Release|x86
		{70B811F6-B346-4C85-885C-1C56C290231C}.Release|x86.Build.0 = Release|x86
		{70B811F6-B346-4C85-885C-1C56C290231C}.Release|x86.Deploy.0 = Release|x86
	EndGlobalSection
	GlobalSection(SolutionProperties) = preSolution
		HideSolutionNode = FALSE
	EndGlobalSection
	GlobalSection(ExtensibilityGlobals) = postSolution
		SolutionGuid = {C00DDA02-55BD-4695-A576-E61EDE988FFF}
	EndGlobalSection
EndGlobal
